<?xml version="1.0" encoding="UTF-8" standalone="yes" ?>
<CodeBlocks_project_file>
	<FileVersion major="1" minor="6" />
	<Project>
		<Option title="subhub" />
		<Option pch_mode="2" />
		<Option compiler="gcc" />
		<Build>
			<Target title="Debug">
				<Option output="bin/Debug/subhub" prefix_auto="1" extension_auto="1" />
				<Option object_output="obj/Debug/" />
				<Option type="1" />
				<Option compiler="gcc" />
				<Compiler>
					<Add option="-g" />
				</Compiler>
			</Target>
			<Target title="Release">
				<Option output="bin/Release/subhub" prefix_auto="1" extension_auto="1" />
				<Option object_output="obj/Release/" />
				<Option type="1" />
				<Option compiler="gcc" />
				<Compiler>
					<Add option="-O2" />
				</Compiler>
				<Linker>
					<Add option="-s" />
				</Linker>
			</Target>
		</Build>
		<Compiler>
			<Add option="-Wall" />
		</Compiler>
		<Unit filename="Makefile" />
		<Unit filename="common/stm32f0_make_flags.mk" />
		<Unit filename="events.cpp" />
		<Unit filename="events.hpp" />
		<Unit filename="flag.hpp" />
		<Unit filename="libraries/ap_common/ap_common.hpp" />
		<Unit filename="libraries/ap_gps/AP_GPS.h" />
		<Unit filename="libraries/ap_gps/src/AP_GPS.cpp" />
		<Unit filename="libraries/ap_gps/src/AP_GPS_GSOF.cpp" />
		<Unit filename="libraries/ap_gps/src/AP_GPS_GSOF.h" />
		<Unit filename="libraries/ap_gps/src/AP_GPS_MTK.cpp" />
		<Unit filename="libraries/ap_gps/src/AP_GPS_MTK.h" />
		<Unit filename="libraries/ap_gps/src/AP_GPS_MTK19.cpp" />
		<Unit filename="libraries/ap_gps/src/AP_GPS_MTK19.h" />
		<Unit filename="libraries/ap_gps/src/AP_GPS_MTK_Common.h" />
		<Unit filename="libraries/ap_gps/src/AP_GPS_NMEA.cpp" />
		<Unit filename="libraries/ap_gps/src/AP_GPS_NMEA.h" />
		<Unit filename="libraries/ap_gps/src/AP_GPS_PX4.cpp" />
		<Unit filename="libraries/ap_gps/src/AP_GPS_PX4.h" />
		<Unit filename="libraries/ap_gps/src/AP_GPS_SBF.cpp" />
		<Unit filename="libraries/ap_gps/src/AP_GPS_SBF.h" />
		<Unit filename="libraries/ap_gps/src/AP_GPS_SBP.cpp" />
		<Unit filename="libraries/ap_gps/src/AP_GPS_SBP.h" />
		<Unit filename="libraries/ap_gps/src/AP_GPS_SIRF.cpp" />
		<Unit filename="libraries/ap_gps/src/AP_GPS_SIRF.h" />
		<Unit filename="libraries/ap_gps/src/AP_GPS_UBLOX.cpp" />
		<Unit filename="libraries/ap_gps/src/AP_GPS_UBLOX.h" />
		<Unit filename="libraries/ap_gps/src/GPS_Backend.cpp" />
		<Unit filename="libraries/ap_gps/src/GPS_Backend.h" />
		<Unit filename="libraries/ap_gps/src/GPS_detect_state.h" />
		<Unit filename="libraries/ap_gps/src/Makefile" />
		<Unit filename="libraries/ap_math/ap_math.hpp" />
		<Unit filename="libraries/ap_math/src/Makefile" />
		<Unit filename="libraries/ap_math/src/ap_math.cpp" />
		<Unit filename="libraries/ap_math/src/edc.cpp" />
		<Unit filename="libraries/ap_serialport/serialport.hpp" />
		<Unit filename="libraries/gps/gps.hpp" />
		<Unit filename="libraries/gps/src/Makefile" />
		<Unit filename="libraries/gps/src/gps.cpp" />
		<Unit filename="main.cpp" />
		<Unit filename="messages.txt" />
		<Unit filename="resources.hpp" />
		<Unit filename="serial_port.cpp" />
		<Unit filename="serial_ports.hpp" />
		<Unit filename="setup.cpp" />
		<Unit filename="spbrk.cpp" />
		<Unit filename="startupf0.s" />
		<Unit filename="stm32f0.ld" />
		<Unit filename="system_initf0.cpp" />
		<Unit filename="timer.cpp" />
		<Extensions>
			<code_completion>
				<search_path add="$(QUAN_ROOT)" />
			</code_completion>
			<debugger />
		</Extensions>
	</Project>
</CodeBlocks_project_file>
